
Microsoft Visual Studio Solution File, Format Version 12.00
# Visual Studio 15
VisualStudioVersion = 15.0.28010.2026
MinimumVisualStudioVersion = 10.0.40219.1
Project("{FAE04EC0-301F-11D3-BF4B-00C04F79EFBC}") = "JarvisReader2", "JarvisReader2\JarvisReader2.csproj", "{4FEC3933-C63A-48C1-AD99-73854D5AD19D}"
EndProject
Global
	GlobalSection(SolutionConfigurationPlatforms) = preSolution
		Debug|Any CPU = Debug|Any CPU
		Release|Any CPU = Release|Any CPU
	EndGlobalSection
	GlobalSection(ProjectConfigurationPlatforms) = postSolution
		{4FEC3933-C63A-48C1-AD99-73854D5AD19D}.Debug|Any CPU.ActiveCfg = Debug|Any CPU
		{4FEC3933-C63A-48C1-AD99-73854D5AD19D}.Debug|Any CPU.Build.0 = Debug|Any CPU
		{4FEC3933-C63A-48C1-AD99-73854D5AD19D}.Release|Any CPU.ActiveCfg = Release|Any CPU
		{4FEC3933-C63A-48C1-AD99-73854D5AD19D}.Release|Any CPU.Build.0 = Release|Any CPU
	EndGlobalSection
	GlobalSection(SolutionProperties) = preSolution
		HideSolutionNode = FALSE
	EndGlobalSection
	GlobalSection(ExtensibilityGlobals) = postSolution
		SolutionGuid = {C4D72654-E7CA-4A1C-AA28-376009A20ED8}
	EndGlobalSection
EndGlobal
